
Microsoft Visual Studio Solution File, Format Version 12.00
# Visual Studio Version 16
VisualStudioVersion = 16.0.29509.3
MinimumVisualStudioVersion = 10.0.40219.1
Project("{FAE04EC0-301F-11D3-BF4B-00C04F79EFBC}") = "MT", "MT.csproj", "{314057A2-1FF4-4C81-84F2-A244F84B4E70}"
EndProject
Global
	GlobalSection(SolutionConfigurationPlatforms) = preSolution
		Debug|Any CPU = Debug|Any CPU
		Release|Any CPU = Release|Any CPU
	EndGlobalSection
	GlobalSection(ProjectConfigurationPlatforms) = postSolution
		{314057A2-1FF4-4C81-84F2-A244F84B4E70}.Debug|Any CPU.ActiveCfg = Debug|Any CPU
		{314057A2-1FF4-4C81-84F2-A244F84B4E70}.Debug|Any CPU.Build.0 = Debug|Any CPU
		{314057A2-1FF4-4C81-84F2-A244F84B4E70}.Release|Any CPU.ActiveCfg = Release|Any CPU
		{314057A2-1FF4-4C81-84F2-A244F84B4E70}.Release|Any CPU.Build.0 = Release|Any CPU
	EndGlobalSection
	GlobalSection(SolutionProperties) = preSolution
		HideSolutionNode = FALSE
	EndGlobalSection
	GlobalSection(ExtensibilityGlobals) = postSolution
		SolutionGuid = {A585C797-449A-4261-8F9D-3C094620DD83}
	EndGlobalSection
EndGlobal
